
Microsoft Visual Studio Solution File, Format Version 12.00
# Visual Studio 15
VisualStudioVersion = 15.0.28307.168
MinimumVisualStudioVersion = 10.0.40219.1
Project("{FAE04EC0-301F-11D3-BF4B-00C04F79EFBC}") = "LocationScout", "LocationScout\LocationScout.csproj", "{06ACC16B-38F1-4D7D-9EBF-11EFCC783CA0}"
EndProject
Project("{FAE04EC0-301F-11D3-BF4B-00C04F79EFBC}") = "AutoCompleteTextBox", "..\fisfra\Movie20\AutoCompleteTextBox\AutoCompleteTextBox.csproj", "{731303BC-F4E0-4D80-BA53-E6A0A2F618C7}"
EndProject
Global
	GlobalSection(SolutionConfigurationPlatforms) = preSolution
		Debug|Any CPU = Debug|Any CPU
		Release|Any CPU = Release|Any CPU
	EndGlobalSection
	GlobalSection(ProjectConfigurationPlatforms) = postSolution
		{06ACC16B-38F1-4D7D-9EBF-11EFCC783CA0}.Debug|Any CPU.ActiveCfg = Debug|Any CPU
		{06ACC16B-38F1-4D7D-9EBF-11EFCC783CA0}.Debug|Any CPU.Build.0 = Debug|Any CPU
		{06ACC16B-38F1-4D7D-9EBF-11EFCC783CA0}.Release|Any CPU.ActiveCfg = Release|Any CPU
		{06ACC16B-38F1-4D7D-9EBF-11EFCC783CA0}.Release|Any CPU.Build.0 = Release|Any CPU
		{731303BC-F4E0-4D80-BA53-E6A0A2F618C7}.Debug|Any CPU.ActiveCfg = Debug|Any CPU
		{731303BC-F4E0-4D80-BA53-E6A0A2F618C7}.Debug|Any CPU.Build.0 = Debug|Any CPU
		{731303BC-F4E0-4D80-BA53-E6A0A2F618C7}.Release|Any CPU.ActiveCfg = Release|Any CPU
		{731303BC-F4E0-4D80-BA53-E6A0A2F618C7}.Release|Any CPU.Build.0 = Release|Any CPU
	EndGlobalSection
	GlobalSection(SolutionProperties) = preSolution
		HideSolutionNode = FALSE
	EndGlobalSection
	GlobalSection(ExtensibilityGlobals) = postSolution
		SolutionGuid = {508E9145-D02A-4ED5-8732-585C5282C689}
	EndGlobalSection
EndGlobal
